
Microsoft Visual Studio Solution File, Format Version 12.00
# Visual Studio Version 16
VisualStudioVersion = 16.0.30523.141
MinimumVisualStudioVersion = 10.0.40219.1
Project("{9A19103F-16F7-4668-BE54-9A1E7A4F7556}") = "Simulation", "Simulation.csproj", "{AE5E7BFC-BA34-4D98-A5A6-8C69177BC41A}"
EndProject
Project("{9A19103F-16F7-4668-BE54-9A1E7A4F7556}") = "SimulationLib", "..\SimulationLib\SimulationLib.csproj", "{214ED982-323A-4E21-8810-58375F21B765}"
EndProject
Global
	GlobalSection(SolutionConfigurationPlatforms) = preSolution
		Debug|Any CPU = Debug|Any CPU
		Release|Any CPU = Release|Any CPU
	EndGlobalSection
	GlobalSection(ProjectConfigurationPlatforms) = postSolution
		{AE5E7BFC-BA34-4D98-A5A6-8C69177BC41A}.Debug|Any CPU.ActiveCfg = Debug|Any CPU
		{AE5E7BFC-BA34-4D98-A5A6-8C69177BC41A}.Debug|Any CPU.Build.0 = Debug|Any CPU
		{AE5E7BFC-BA34-4D98-A5A6-8C69177BC41A}.Release|Any CPU.ActiveCfg = Release|Any CPU
		{AE5E7BFC-BA34-4D98-A5A6-8C69177BC41A}.Release|Any CPU.Build.0 = Release|Any CPU
		{214ED982-323A-4E21-8810-58375F21B765}.Debug|Any CPU.ActiveCfg = Debug|Any CPU
		{214ED982-323A-4E21-8810-58375F21B765}.Debug|Any CPU.Build.0 = Debug|Any CPU
		{214ED982-323A-4E21-8810-58375F21B765}.Release|Any CPU.ActiveCfg = Release|Any CPU
		{214ED982-323A-4E21-8810-58375F21B765}.Release|Any CPU.Build.0 = Release|Any CPU
	EndGlobalSection
	GlobalSection(SolutionProperties) = preSolution
		HideSolutionNode = FALSE
	EndGlobalSection
	GlobalSection(ExtensibilityGlobals) = postSolution
		SolutionGuid = {21F461A1-C6E7-4133-8732-9DB634610EE4}
	EndGlobalSection
EndGlobal
